
Microsoft Visual Studio Solution File, Format Version 12.00
# Visual Studio Version 17
VisualStudioVersion = 17.8.34316.72
MinimumVisualStudioVersion = 10.0.40219.1
Project("{FAE04EC0-301F-11D3-BF4B-00C04F79EFBC}") = "GymPassport.WPF", "GymPassport.WPF\GymPassport.WPF.csproj", "{D6389040-60DB-4D1D-914A-6E5BFDB71AC0}"
EndProject
Global
	GlobalSection(SolutionConfigurationPlatforms) = preSolution
		Debug|Any CPU = Debug|Any CPU
		Release|Any CPU = Release|Any CPU
	EndGlobalSection
	GlobalSection(ProjectConfigurationPlatforms) = postSolution
		{D6389040-60DB-4D1D-914A-6E5BFDB71AC0}.Debug|Any CPU.ActiveCfg = Debug|Any CPU
		{D6389040-60DB-4D1D-914A-6E5BFDB71AC0}.Debug|Any CPU.Build.0 = Debug|Any CPU
		{D6389040-60DB-4D1D-914A-6E5BFDB71AC0}.Release|Any CPU.ActiveCfg = Release|Any CPU
		{D6389040-60DB-4D1D-914A-6E5BFDB71AC0}.Release|Any CPU.Build.0 = Release|Any CPU
	EndGlobalSection
	GlobalSection(SolutionProperties) = preSolution
		HideSolutionNode = FALSE
	EndGlobalSection
	GlobalSection(ExtensibilityGlobals) = postSolution
		SolutionGuid = {5E5274B0-6BE3-4853-AAB0-859B5C49A9D2}
	EndGlobalSection
EndGlobal
